
Microsoft Visual Studio Solution File, Format Version 12.00
# Visual Studio Version 16
VisualStudioVersion = 16.0.31911.196
MinimumVisualStudioVersion = 10.0.40219.1
Project("{FAE04EC0-301F-11D3-BF4B-00C04F79EFBC}") = "FurnitureOnline2", "FurnitureOnline2\FurnitureOnline2.csproj", "{D252C8C7-C2AA-424E-BD01-9E86A7110733}"
EndProject
Global
	GlobalSection(SolutionConfigurationPlatforms) = preSolution
		Debug|Any CPU = Debug|Any CPU
		Release|Any CPU = Release|Any CPU
	EndGlobalSection
	GlobalSection(ProjectConfigurationPlatforms) = postSolution
		{D252C8C7-C2AA-424E-BD01-9E86A7110733}.Debug|Any CPU.ActiveCfg = Debug|Any CPU
		{D252C8C7-C2AA-424E-BD01-9E86A7110733}.Debug|Any CPU.Build.0 = Debug|Any CPU
		{D252C8C7-C2AA-424E-BD01-9E86A7110733}.Release|Any CPU.ActiveCfg = Release|Any CPU
		{D252C8C7-C2AA-424E-BD01-9E86A7110733}.Release|Any CPU.Build.0 = Release|Any CPU
	EndGlobalSection
	GlobalSection(SolutionProperties) = preSolution
		HideSolutionNode = FALSE
	EndGlobalSection
	GlobalSection(ExtensibilityGlobals) = postSolution
		SolutionGuid = {B9D11852-09F9-46CE-9B0B-FE27DC9C9BEC}
	EndGlobalSection
EndGlobal
